
Microsoft Visual Studio Solution File, Format Version 12.00
# Visual Studio Version 16
VisualStudioVersion = 16.0.31005.135
MinimumVisualStudioVersion = 10.0.40219.1
Project("{FAE04EC0-301F-11D3-BF4B-00C04F79EFBC}") = "myProject", "myProject\myProject.csproj", "{01096054-1D4E-457F-9A28-14A685D0E6B0}"
EndProject
Global
	GlobalSection(SolutionConfigurationPlatforms) = preSolution
		Debug|Any CPU = Debug|Any CPU
		Release|Any CPU = Release|Any CPU
	EndGlobalSection
	GlobalSection(ProjectConfigurationPlatforms) = postSolution
		{01096054-1D4E-457F-9A28-14A685D0E6B0}.Debug|Any CPU.ActiveCfg = Debug|Any CPU
		{01096054-1D4E-457F-9A28-14A685D0E6B0}.Debug|Any CPU.Build.0 = Debug|Any CPU
		{01096054-1D4E-457F-9A28-14A685D0E6B0}.Release|Any CPU.ActiveCfg = Release|Any CPU
		{01096054-1D4E-457F-9A28-14A685D0E6B0}.Release|Any CPU.Build.0 = Release|Any CPU
	EndGlobalSection
	GlobalSection(SolutionProperties) = preSolution
		HideSolutionNode = FALSE
	EndGlobalSection
	GlobalSection(ExtensibilityGlobals) = postSolution
		SolutionGuid = {99F17D27-E4C8-4B14-A641-1F39994545D2}
	EndGlobalSection
EndGlobal
